
Microsoft Visual Studio Solution File, Format Version 12.00
# Visual Studio Version 17
VisualStudioVersion = 17.4.33110.190
MinimumVisualStudioVersion = 10.0.40219.1
Project("{9A19103F-16F7-4668-BE54-9A1E7A4F7556}") = "LinkedLists.Api", "LinkedLists.Api\LinkedLists.Api.csproj", "{0EBE93CF-BE84-4A39-A53D-8E63B3820400}"
EndProject
Project("{9A19103F-16F7-4668-BE54-9A1E7A4F7556}") = "LinkedLists.Service", "LinkedLists.Service\LinkedLists.Service.csproj", "{DF7666D1-4742-431B-B865-07FE0247E8E5}"
EndProject
Project("{9A19103F-16F7-4668-BE54-9A1E7A4F7556}") = "LinkedLists.DTO", "LinkedLists.DTO\LinkedLists.DTO.csproj", "{9830FF91-0BEA-4189-9F65-998E1CFF3541}"
EndProject
Project("{9A19103F-16F7-4668-BE54-9A1E7A4F7556}") = "LinkedLists.Ui", "LinkedLists.Ui\LinkedLists.Ui.csproj", "{8CC2F18B-60F6-4075-AD80-DF2D51041BE6}"
EndProject
Project("{FAE04EC0-301F-11D3-BF4B-00C04F79EFBC}") = "LinkedLists.Database", "LinkedLists.Database\LinkedLists.Database.csproj", "{D88A1144-3C43-440F-A060-44DC1513874B}"
EndProject
Global
	GlobalSection(SolutionConfigurationPlatforms) = preSolution
		Debug|Any CPU = Debug|Any CPU
		Release|Any CPU = Release|Any CPU
	EndGlobalSection
	GlobalSection(ProjectConfigurationPlatforms) = postSolution
		{0EBE93CF-BE84-4A39-A53D-8E63B3820400}.Debug|Any CPU.ActiveCfg = Debug|Any CPU
		{0EBE93CF-BE84-4A39-A53D-8E63B3820400}.Debug|Any CPU.Build.0 = Debug|Any CPU
		{0EBE93CF-BE84-4A39-A53D-8E63B3820400}.Release|Any CPU.ActiveCfg = Release|Any CPU
		{0EBE93CF-BE84-4A39-A53D-8E63B3820400}.Release|Any CPU.Build.0 = Release|Any CPU
		{DF7666D1-4742-431B-B865-07FE0247E8E5}.Debug|Any CPU.ActiveCfg = Debug|Any CPU
		{DF7666D1-4742-431B-B865-07FE0247E8E5}.Debug|Any CPU.Build.0 = Debug|Any CPU
		{DF7666D1-4742-431B-B865-07FE0247E8E5}.Release|Any CPU.ActiveCfg = Release|Any CPU
		{DF7666D1-4742-431B-B865-07FE0247E8E5}.Release|Any CPU.Build.0 = Release|Any CPU
		{9830FF91-0BEA-4189-9F65-998E1CFF3541}.Debug|Any CPU.ActiveCfg = Debug|Any CPU
		{9830FF91-0BEA-4189-9F65-998E1CFF3541}.Debug|Any CPU.Build.0 = Debug|Any CPU
		{9830FF91-0BEA-4189-9F65-998E1CFF3541}.Release|Any CPU.ActiveCfg = Release|Any CPU
		{9830FF91-0BEA-4189-9F65-998E1CFF3541}.Release|Any CPU.Build.0 = Release|Any CPU
		{8CC2F18B-60F6-4075-AD80-DF2D51041BE6}.Debug|Any CPU.ActiveCfg = Debug|Any CPU
		{8CC2F18B-60F6-4075-AD80-DF2D51041BE6}.Debug|Any CPU.Build.0 = Debug|Any CPU
		{8CC2F18B-60F6-4075-AD80-DF2D51041BE6}.Release|Any CPU.ActiveCfg = Release|Any CPU
		{8CC2F18B-60F6-4075-AD80-DF2D51041BE6}.Release|Any CPU.Build.0 = Release|Any CPU
		{D88A1144-3C43-440F-A060-44DC1513874B}.Debug|Any CPU.ActiveCfg = Debug|Any CPU
		{D88A1144-3C43-440F-A060-44DC1513874B}.Debug|Any CPU.Build.0 = Debug|Any CPU
		{D88A1144-3C43-440F-A060-44DC1513874B}.Release|Any CPU.ActiveCfg = Release|Any CPU
		{D88A1144-3C43-440F-A060-44DC1513874B}.Release|Any CPU.Build.0 = Release|Any CPU
	EndGlobalSection
	GlobalSection(SolutionProperties) = preSolution
		HideSolutionNode = FALSE
	EndGlobalSection
	GlobalSection(ExtensibilityGlobals) = postSolution
		SolutionGuid = {05059C24-511F-4374-B863-5D3C1E4CFD79}
	EndGlobalSection
EndGlobal
